github.com/rjrodger/nua/go v0.1.0 h1:Qm4SI0KsSADMrjj5mg88QlYB3n1kpZ053q5SkEfPJdA=
github.com/rjrodger/nua/go v0.1.0/go.mod h1:FEdjEmBhLMbHBWqMjI4laiINLtY7CxqRrYunQ/uCZtg=
github.com/rjrodger/nua/go v0.1.1 h1:XwaGYnUFqXDGpcL8oEpLLYxeDiJIZb9UWpYoTt0ikOU=
github.com/rjrodger/nua/go v0.1.1/go.mod h1:ZpwREEr0wIplbVE3N0VsBL2rVA0BCNI086nOhNumZzg=
